// !$*UTF8*$!
{
	archiveVersion = 1;
	classes = {
	};
	objectVersion = 53;
	objects = {

/* Begin PBXBuildFile section */
		9F27A0E324C47D72008706AE /* AppDelegate.swift in Sources */ = {isa = PBXBuildFile; fileRef = 9F27A0E224C47D72008706AE /* AppDelegate.swift */; };
		9F27A0E524C47D72008706AE /* SceneDelegate.swift in Sources */ = {isa = PBXBuildFile; fileRef = 9F27A0E424C47D72008706AE /* SceneDelegate.swift */; };
		9F27A0E724C47D72008706AE /* ContentView.swift in Sources */ = {isa = PBXBuildFile; fileRef = 9F27A0E624C47D72008706AE /* ContentView.swift */; };
		9F27A0E924C47D73008706AE /* Assets.xcassets in Resources */ = {isa = PBXBuildFile; fileRef = 9F27A0E824C47D73008706AE /* Assets.xcassets */; };
		9F27A0EC24C47D73008706AE /* Preview Assets.xcassets in Resources */ = {isa = PBXBuildFile; fileRef = 9F27A0EB24C47D73008706AE /* Preview Assets.xcassets */; };
		9F27A0EF24C47D73008706AE /* LaunchScreen.storyboard in Resources */ = {isa = PBXBuildFile; fileRef = 9F27A0ED24C47D73008706AE /* LaunchScreen.storyboard */; };
		9F27A0F724C48309008706AE /* Sandwich.swift in Sources */ = {isa = PBXBuildFile; fileRef = 9F27A0F624C48309008706AE /* Sandwich.swift */; };
		9F930D8F24C4F51000775BB0 /* SandwichDetail.swift in Sources */ = {isa = PBXBuildFile; fileRef = 9F930D8E24C4F51000775BB0 /* SandwichDetail.swift */; };
		9F97948B24C59723003C3F57 /* SandwichStore.swift in Sources */ = {isa = PBXBuildFile; fileRef = 9F97948A24C59723003C3F57 /* SandwichStore.swift */; };
/* End PBXBuildFile section */

/* Begin PBXFileReference section */
		9F27A0DF24C47D72008706AE /* Sandwiches.app */ = {isa = PBXFileReference; explicitFileType = wrapper.application; includeInIndex = 0; path = Sandwiches.app; sourceTree = BUILT_PRODUCTS_DIR; };
		9F27A0E224C47D72008706AE /* AppDelegate.swift */ = {isa = PBXFileReference; lastKnownFileType = sourcecode.swift; path = AppDelegate.swift; sourceTree = "<group>"; };
		9F27A0E424C47D72008706AE /* SceneDelegate.swift */ = {isa = PBXFileReference; lastKnownFileType = sourcecode.swift; path = SceneDelegate.swift; sourceTree = "<group>"; };
		9F27A0E624C47D72008706AE /* ContentView.swift */ = {isa = PBXFileReference; lastKnownFileType = sourcecode.swift; path = ContentView.swift; sourceTree = "<group>"; };
		9F27A0E824C47D73008706AE /* Assets.xcassets */ = {isa = PBXFileReference; lastKnownFileType = folder.assetcatalog; path = Assets.xcassets; sourceTree = "<group>"; };
		9F27A0EB24C47D73008706AE /* Preview Assets.xcassets */ = {isa = PBXFileReference; lastKnownFileType = folder.assetcatalog; path = "Preview Assets.xcassets"; sourceTree = "<group>"; };
		9F27A0EE24C47D73008706AE /* Base */ = {isa = PBXFileReference; lastKnownFileType = file.storyboard; name = Base; path = Base.lproj/LaunchScreen.storyboard; sourceTree = "<group>"; };
		9F27A0F024C47D73008706AE /* Info.plist */ = {isa = PBXFileReference; lastKnownFileType = text.plist.xml; path = Info.plist; sourceTree = "<group>"; };
		9F27A0F624C48309008706AE /* Sandwich.swift */ = {isa = PBXFileReference; lastKnownFileType = sourcecode.swift; path = Sandwich.swift; sourceTree = "<group>"; };
		9F930D8E24C4F51000775BB0 /* SandwichDetail.swift */ = {isa = PBXFileReference; lastKnownFileType = sourcecode.swift; path = SandwichDetail.swift; sourceTree = "<group>"; };
		9F97948A24C59723003C3F57 /* SandwichStore.swift */ = {isa = PBXFileReference; lastKnownFileType = sourcecode.swift; path = SandwichStore.swift; sourceTree = "<group>"; };
/* End PBXFileReference section */

/* Begin PBXFrameworksBuildPhase section */
		9F27A0DC24C47D72008706AE /* Frameworks */ = {
			isa = PBXFrameworksBuildPhase;
			buildActionMask = 2147483647;
			files = (
			);
			runOnlyForDeploymentPostprocessing = 0;
		};
/* End PBXFrameworksBuildPhase section */

/* Begin PBXGroup section */
		9F27A0D624C47D72008706AE = {
			isa = PBXGroup;
			children = (
				9F27A0E124C47D72008706AE /* Sandwiches */,
				9F27A0E024C47D72008706AE /* Products */,
			);
			sourceTree = "<group>";
		};
		9F27A0E024C47D72008706AE /* Products */ = {
			isa = PBXGroup;
			children = (
				9F27A0DF24C47D72008706AE /* Sandwiches.app */,
			);
			name = Products;
			sourceTree = "<group>";
		};
		9F27A0E124C47D72008706AE /* Sandwiches */ = {
			isa = PBXGroup;
			children = (
				9F27A0E224C47D72008706AE /* AppDelegate.swift */,
				9F27A0E424C47D72008706AE /* SceneDelegate.swift */,
				9F27A0E624C47D72008706AE /* ContentView.swift */,
				9F930D8E24C4F51000775BB0 /* SandwichDetail.swift */,
				9F27A0F624C48309008706AE /* Sandwich.swift */,
				9F97948A24C59723003C3F57 /* SandwichStore.swift */,
				9F27A0E824C47D73008706AE /* Assets.xcassets */,
				9F27A0ED24C47D73008706AE /* LaunchScreen.storyboard */,
				9F27A0F024C47D73008706AE /* Info.plist */,
				9F27A0EA24C47D73008706AE /* Preview Content */,
			);
			path = Sandwiches;
			sourceTree = "<group>";
		};
		9F27A0EA24C47D73008706AE /* Preview Content */ = {
			isa = PBXGroup;
			children = (
				9F27A0EB24C47D73008706AE /* Preview Assets.xcassets */,
			);
			path = "Preview Content";
			sourceTree = "<group>";
		};
/* End PBXGroup section */

/* Begin PBXNativeTarget section */
		9F27A0DE24C47D72008706AE /* Sandwiches */ = {
			isa = PBXNativeTarget;
			buildConfigurationList = 9F27A0F324C47D73008706AE /* Build configuration list for PBXNativeTarget "Sandwiches" */;
			buildPhases = (
				9F27A0DB24C47D72008706AE /* Sources */,
				9F27A0DC24C47D72008706AE /* Frameworks */,
				9F27A0DD24C47D72008706AE /* Resources */,
			);
			buildRules = (
			);
			dependencies = (
			);
			name = Sandwiches;
			productName = Sandwiches;
			productReference = 9F27A0DF24C47D72008706AE /* Sandwiches.app */;
			productType = "com.apple.product-type.application";
		};
/* End PBXNativeTarget section */

/* Begin PBXProject section */
		9F27A0D724C47D72008706AE /* Project object */ = {
			isa = PBXProject;
			attributes = {
				LastSwiftUpdateCheck = 1160;
				LastUpgradeCheck = 1160;
				ORGANIZATIONNAME = macForce;
				TargetAttributes = {
					9F27A0DE24C47D72008706AE = {
						CreatedOnToolsVersion = 11.6;
					};
				};
			};
			buildConfigurationList = 9F27A0DA24C47D72008706AE /* Build configuration list for PBXProject "Sandwiches" */;
			compatibilityVersion = "Xcode 11.4";
			developmentRegion = en;
			hasScannedForEncodings = 0;
			knownRegions = (
				en,
				Base,
			);
			mainGroup = 9F27A0D624C47D72008706AE;
			productRefGroup = 9F27A0E024C47D72008706AE /* Products */;
			projectDirPath = "";
			projectRoot = "";
			targets = (
				9F27A0DE24C47D72008706AE /* Sandwiches */,
			);
		};
/* End PBXProject section */

/* Begin PBXResourcesBuildPhase section */
		9F27A0DD24C47D72008706AE /* Resources */ = {
			isa = PBXResourcesBuildPhase;
			buildActionMask = 2147483647;
			files = (
				9F27A0EF24C47D73008706AE /* LaunchScreen.storyboard in Resources */,
				9F27A0EC24C47D73008706AE /* Preview Assets.xcassets in Resources */,
				9F27A0E924C47D73008706AE /* Assets.xcassets in Resources */,
			);
			runOnlyForDeploymentPostprocessing = 0;
		};
/* End PBXResourcesBuildPhase section */

/* Begin PBXSourcesBuildPhase section */
		9F27A0DB24C47D72008706AE /* Sources */ = {
			isa = PBXSourcesBuildPhase;
			buildActionMask = 2147483647;
			files = (
				9F27A0E324C47D72008706AE /* AppDelegate.swift in Sources */,
				9F27A0E524C47D72008706AE /* SceneDelegate.swift in Sources */,
				9F97948B24C59723003C3F57 /* SandwichStore.swift in Sources */,
				9F27A0F724C48309008706AE /* Sandwich.swift in Sources */,
				9F930D8F24C4F51000775BB0 /* SandwichDetail.swift in Sources */,
				9F27A0E724C47D72008706AE /* ContentView.swift in Sources */,
			);
			runOnlyForDeploymentPostprocessing = 0;
		};
/* End PBXSourcesBuildPhase section */

/* Begin PBXVariantGroup section */
		9F27A0ED24C47D73008706AE /* LaunchScreen.storyboard */ = {
			isa = PBXVariantGroup;
			children = (
				9F27A0EE24C47D73008706AE /* Base */,
			);
			name = LaunchScreen.storyboard;
			sourceTree = "<group>";
		};
/* End PBXVariantGroup section */

/* Begin XCBuildConfiguration section */
		9F27A0F124C47D73008706AE /* Debug */ = {
			isa = XCBuildConfiguration;
			buildSettings = {
				ALWAYS_SEARCH_USER_PATHS = NO;
				CLANG_ANALYZER_NONNULL = YES;
				CLANG_ANALYZER_NUMBER_OBJECT_CONVERSION = YES_AGGRESSIVE;
				CLANG_CXX_LANGUAGE_STANDARD = "gnu++14";
				CLANG_CXX_LIBRARY = "libc++";
				CLANG_ENABLE_MODULES = YES;
				CLANG_ENABLE_OBJC_ARC = YES;
				CLANG_ENABLE_OBJC_WEAK = YES;
				CLANG_WARN_BLOCK_CAPTURE_AUTORELEASING = YES;
				CLANG_WARN_BOOL_CONVERSION = YES;
				CLANG_WARN_COMMA = YES;
				CLANG_WARN_CONSTANT_CONVERSION = YES;
				CLANG_WARN_DEPRECATED_OBJC_IMPLEMENTATIONS = YES;
				CLANG_WARN_DIRECT_OBJC_ISA_USAGE = YES_ERROR;
				CLANG_WARN_DOCUMENTATION_COMMENTS = YES;
				CLANG_WARN_EMPTY_BODY = YES;
				CLANG_WARN_ENUM_CONVERSION = YES;
				CLANG_WARN_INFINITE_RECURSION = YES;
				CLANG_WARN_INT_CONVERSION = YES;
				CLANG_WARN_NON_LITERAL_NULL_CONVERSION = YES;
				CLANG_WARN_OBJC_IMPLICIT_RETAIN_SELF = YES;
				CLANG_WARN_OBJC_LITERAL_CONVERSION = YES;
				CLANG_WARN_OBJC_ROOT_CLASS = YES_ERROR;
				CLANG_WARN_RANGE_LOOP_ANALYSIS = YES;
				CLANG_WARN_STRICT_PROTOTYPES = YES;
				CLANG_WARN_SUSPICIOUS_MOVE = YES;
				CLANG_WARN_UNGUARDED_AVAILABILITY = YES_AGGRESSIVE;
				CLANG_WARN_UNREACHABLE_CODE = YES;
				CLANG_WARN__DUPLICATE_METHOD_MATCH = YES;
				COPY_PHASE_STRIP = NO;
				DEBUG_INFORMATION_FORMAT = dwarf;
				ENABLE_STRICT_OBJC_MSGSEND = YES;
				ENABLE_TESTABILITY = YES;
				GCC_C_LANGUAGE_STANDARD = gnu11;
				GCC_DYNAMIC_NO_PIC = NO;
				GCC_NO_COMMON_BLOCKS = YES;
				GCC_OPTIMIZATION_LEVEL = 0;
				GCC_PREPROCESSOR_DEFINITIONS = (
					"DEBUG=1",
					"$(inherited)",
				);
				GCC_WARN_64_TO_32_BIT_CONVERSION = YES;
				GCC_WARN_ABOUT_RETURN_TYPE = YES_ERROR;
				GCC_WARN_UNDECLARED_SELECTOR = YES;
				GCC_WARN_UNINITIALIZED_AUTOS = YES_AGGRESSIVE;
				GCC_WARN_UNUSED_FUNCTION = YES;
				GCC_WARN_UNUSED_VARIABLE = YES;
				IPHONEOS_DEPLOYMENT_TARGET = 13.6;
				MTL_ENABLE_DEBUG_INFO = INCLUDE_SOURCE;
				MTL_FAST_MATH = YES;
				ONLY_ACTIVE_ARCH = YES;
				SDKROOT = iphoneos;
				SWIFT_ACTIVE_COMPILATION_CONDITIONS = DEBUG;
				SWIFT_OPTIMIZATION_LEVEL = "-Onone";
			};
			name = Debug;
		};
		9F27A0F224C47D73008706AE /* Release */ = {
			isa = XCBuildConfiguration;
			buildSettings = {
				ALWAYS_SEARCH_USER_PATHS = NO;
				CLANG_ANALYZER_NONNULL = YES;
				CLANG_ANALYZER_NUMBER_OBJECT_CONVERSION = YES_AGGRESSIVE;
				CLANG_CXX_LANGUAGE_STANDARD = "gnu++14";
				CLANG_CXX_LIBRARY = "libc++";
				CLANG_ENABLE_MODULES = YES;
				CLANG_ENABLE_OBJC_ARC = YES;
				CLANG_ENABLE_OBJC_WEAK = YES;
				CLANG_WARN_BLOCK_CAPTURE_AUTORELEASING = YES;
				CLANG_WARN_BOOL_CONVERSION = YES;
				CLANG_WARN_COMMA = YES;
				CLANG_WARN_CONSTANT_CONVERSION = YES;
				CLANG_WARN_DEPRECATED_OBJC_IMPLEMENTATIONS = YES;
				CLANG_WARN_DIRECT_OBJC_ISA_USAGE = YES_ERROR;
				CLANG_WARN_DOCUMENTATION_COMMENTS = YES;
				CLANG_WARN_EMPTY_BODY = YES;
				CLANG_WARN_ENUM_CONVERSION = YES;
				CLANG_WARN_INFINITE_RECURSION = YES;
				CLANG_WARN_INT_CONVERSION = YES;
				CLANG_WARN_NON_LITERAL_NULL_CONVERSION = YES;
				CLANG_WARN_OBJC_IMPLICIT_RETAIN_SELF = YES;
				CLANG_WARN_OBJC_LITERAL_CONVERSION = YES;
				CLANG_WARN_OBJC_ROOT_CLASS = YES_ERROR;
				CLANG_WARN_RANGE_LOOP_ANALYSIS = YES;
				CLANG_WARN_STRICT_PROTOTYPES = YES;
				CLANG_WARN_SUSPICIOUS_MOVE = YES;
				CLANG_WARN_UNGUARDED_AVAILABILITY = YES_AGGRESSIVE;
				CLANG_WARN_UNREACHABLE_CODE = YES;
				CLANG_WARN__DUPLICATE_METHOD_MATCH = YES;
				COPY_PHASE_STRIP = NO;
				DEBUG_INFORMATION_FORMAT = "dwarf-with-dsym";
				ENABLE_NS_ASSERTIONS = NO;
				ENABLE_STRICT_OBJC_MSGSEND = YES;
				GCC_C_LANGUAGE_STANDARD = gnu11;
				GCC_NO_COMMON_BLOCKS = YES;
				GCC_WARN_64_TO_32_BIT_CONVERSION = YES;
				GCC_WARN_ABOUT_RETURN_TYPE = YES_ERROR;
				GCC_WARN_UNDECLARED_SELECTOR = YES;
				GCC_WARN_UNINITIALIZED_AUTOS = YES_AGGRESSIVE;
				GCC_WARN_UNUSED_FUNCTION = YES;
				GCC_WARN_UNUSED_VARIABLE = YES;
				IPHONEOS_DEPLOYMENT_TARGET = 13.6;
				MTL_ENABLE_DEBUG_INFO = NO;
				MTL_FAST_MATH = YES;
				SDKROOT = iphoneos;
				SWIFT_COMPILATION_MODE = wholemodule;
				SWIFT_OPTIMIZATION_LEVEL = "-O";
				VALIDATE_PRODUCT = YES;
			};
			name = Release;
		};
		9F27A0F424C47D73008706AE /* Debug */ = {
			isa = XCBuildConfiguration;
			buildSettings = {
				ASSETCATALOG_COMPILER_APPICON_NAME = AppIcon;
				CODE_SIGN_STYLE = Automatic;
				DEVELOPMENT_ASSET_PATHS = "\"Sandwiches/Preview Content\"";
				DEVELOPMENT_TEAM = JCQ8RQ8D68;
				ENABLE_PREVIEWS = YES;
				INFOPLIST_FILE = Sandwiches/Info.plist;
				LD_RUNPATH_SEARCH_PATHS = (
					"$(inherited)",
					"@executable_path/Frameworks",
				);
				PRODUCT_BUNDLE_IDENTIFIER = one.macForce.Sandwiches;
				PRODUCT_NAME = "$(TARGET_NAME)";
				SWIFT_VERSION = 5.0;
				TARGETED_DEVICE_FAMILY = "1,2";
			};
			name = Debug;
		};
		9F27A0F524C47D73008706AE /* Release */ = {
			isa = XCBuildConfiguration;
			buildSettings = {
				ASSETCATALOG_COMPILER_APPICON_NAME = AppIcon;
				CODE_SIGN_STYLE = Automatic;
				DEVELOPMENT_ASSET_PATHS = "\"Sandwiches/Preview Content\"";
				DEVELOPMENT_TEAM = JCQ8RQ8D68;
				ENABLE_PREVIEWS = YES;
				INFOPLIST_FILE = Sandwiches/Info.plist;
				LD_RUNPATH_SEARCH_PATHS = (
					"$(inherited)",
					"@executable_path/Frameworks",
				);
				PRODUCT_BUNDLE_IDENTIFIER = one.macForce.Sandwiches;
				PRODUCT_NAME = "$(TARGET_NAME)";
				SWIFT_VERSION = 5.0;
				TARGETED_DEVICE_FAMILY = "1,2";
			};
			name = Release;
		};
/* End XCBuildConfiguration section */

/* Begin XCConfigurationList section */
		9F27A0DA24C47D72008706AE /* Build configuration list for PBXProject "Sandwiches" */ = {
			isa = XCConfigurationList;
			buildConfigurations = (
				9F27A0F124C47D73008706AE /* Debug */,
				9F27A0F224C47D73008706AE /* Release */,
			);
			defaultConfigurationIsVisible = 0;
			defaultConfigurationName = Release;
		};
		9F27A0F324C47D73008706AE /* Build configuration list for PBXNativeTarget "Sandwiches" */ = {
			isa = XCConfigurationList;
			buildConfigurations = (
				9F27A0F424C47D73008706AE /* Debug */,
				9F27A0F524C47D73008706AE /* Release */,
			);
			defaultConfigurationIsVisible = 0;
			defaultConfigurationName = Release;
		};
/* End XCConfigurationList section */
	};
	rootObject = 9F27A0D724C47D72008706AE /* Project object */;
}
